// !$*UTF8*$!
{
	archiveVersion = 1;
	classes = {
	};
	objectVersion = 50;
	objects = {

/* Begin PBXBuildFile section */
		2388E5652750D4E600592538 /* AppDelegate.swift in Sources */ = {isa = PBXBuildFile; fileRef = 2388E5642750D4E600592538 /* AppDelegate.swift */; };
		2388E5672750D4E600592538 /* SceneDelegate.swift in Sources */ = {isa = PBXBuildFile; fileRef = 2388E5662750D4E600592538 /* SceneDelegate.swift */; };
		2388E5692750D4E600592538 /* ViewController.swift in Sources */ = {isa = PBXBuildFile; fileRef = 2388E5682750D4E600592538 /* ViewController.swift */; };
		2388E56C2750D4E600592538 /* Main.storyboard in Resources */ = {isa = PBXBuildFile; fileRef = 2388E56A2750D4E600592538 /* Main.storyboard */; };
		2388E56E2750D4E900592538 /* Assets.xcassets in Resources */ = {isa = PBXBuildFile; fileRef = 2388E56D2750D4E900592538 /* Assets.xcassets */; };
		2388E5712750D4E900592538 /* LaunchScreen.storyboard in Resources */ = {isa = PBXBuildFile; fileRef = 2388E56F2750D4E900592538 /* LaunchScreen.storyboard */; };
		2388E57C2750D4EA00592538 /* classifiedTests.swift in Sources */ = {isa = PBXBuildFile; fileRef = 2388E57B2750D4EA00592538 /* classifiedTests.swift */; };
		2388E5872750D4EA00592538 /* classifiedUITests.swift in Sources */ = {isa = PBXBuildFile; fileRef = 2388E5862750D4EA00592538 /* classifiedUITests.swift */; };
		2388E5952750D91900592538 /* dubizzle.json in Resources */ = {isa = PBXBuildFile; fileRef = 2388E5942750D91900592538 /* dubizzle.json */; };
		2388E5A22750DA0C00592538 /* ListingViewController.swift in Sources */ = {isa = PBXBuildFile; fileRef = 2388E5A12750DA0C00592538 /* ListingViewController.swift */; };
		2388E5A62750DA8500592538 /* BaseView.swift in Sources */ = {isa = PBXBuildFile; fileRef = 2388E5A52750DA8500592538 /* BaseView.swift */; };
		2388E5B12750DADB00592538 /* BaseCollectionViewCell.swift in Sources */ = {isa = PBXBuildFile; fileRef = 2388E5AB2750DADB00592538 /* BaseCollectionViewCell.swift */; };
		2388E5B62750DC2700592538 /* Creatable.swift in Sources */ = {isa = PBXBuildFile; fileRef = 2388E5B52750DC2700592538 /* Creatable.swift */; };
		2388E5C12750DC5200592538 /* CollectionDataSource.swift in Sources */ = {isa = PBXBuildFile; fileRef = 2388E5BA2750DC5200592538 /* CollectionDataSource.swift */; };
		2388E5C22750DC5200592538 /* ArrayDataProvider.swift in Sources */ = {isa = PBXBuildFile; fileRef = 2388E5BB2750DC5200592538 /* ArrayDataProvider.swift */; };
		2388E5C32750DC5200592538 /* CollectionArrayDataSource.swift in Sources */ = {isa = PBXBuildFile; fileRef = 2388E5BC2750DC5200592538 /* CollectionArrayDataSource.swift */; };
		2388E5C42750DC5200592538 /* CollectionDataProvider.swift in Sources */ = {isa = PBXBuildFile; fileRef = 2388E5BD2750DC5200592538 /* CollectionDataProvider.swift */; };
		2388E5C52750DC5200592538 /* ConfigurableCell.swift in Sources */ = {isa = PBXBuildFile; fileRef = 2388E5BF2750DC5200592538 /* ConfigurableCell.swift */; };
		2388E5C62750DC5200592538 /* ReusableCell.swift in Sources */ = {isa = PBXBuildFile; fileRef = 2388E5C02750DC5200592538 /* ReusableCell.swift */; };
		2388E5C82750DDD100592538 /* UIView+Extensions.swift in Sources */ = {isa = PBXBuildFile; fileRef = 2388E5C72750DDD100592538 /* UIView+Extensions.swift */; };
		2388E5CB2750E21400592538 /* ListingStyler.swift in Sources */ = {isa = PBXBuildFile; fileRef = 2388E5CA2750E21400592538 /* ListingStyler.swift */; };
		2388E5CD2750E22E00592538 /* ListingStyler+Extension.swift in Sources */ = {isa = PBXBuildFile; fileRef = 2388E5CC2750E22E00592538 /* ListingStyler+Extension.swift */; };
		2388E5D02750E34A00592538 /* Opacity.swift in Sources */ = {isa = PBXBuildFile; fileRef = 2388E5CF2750E34A00592538 /* Opacity.swift */; };
		2388E5D22750E35C00592538 /* LetterSpacing.swift in Sources */ = {isa = PBXBuildFile; fileRef = 2388E5D12750E35C00592538 /* LetterSpacing.swift */; };
		2388E5D42750E36C00592538 /* Color.swift in Sources */ = {isa = PBXBuildFile; fileRef = 2388E5D32750E36C00592538 /* Color.swift */; };
		2388E5D62750E38000592538 /* LightAliasColorToken.swift in Sources */ = {isa = PBXBuildFile; fileRef = 2388E5D52750E38000592538 /* LightAliasColorToken.swift */; };
		2388E5D82750E3E400592538 /* GlobalColorToken.swift in Sources */ = {isa = PBXBuildFile; fileRef = 2388E5D72750E3E400592538 /* GlobalColorToken.swift */; };
		2388E5DA2750E46500592538 /* Typography.swift in Sources */ = {isa = PBXBuildFile; fileRef = 2388E5D92750E46500592538 /* Typography.swift */; };
		2388E5DC2750E64C00592538 /* AliasFontToken.swift in Sources */ = {isa = PBXBuildFile; fileRef = 2388E5DB2750E64C00592538 /* AliasFontToken.swift */; };
		2388E5DE2750E67200592538 /* FontStyle.swift in Sources */ = {isa = PBXBuildFile; fileRef = 2388E5DD2750E67200592538 /* FontStyle.swift */; };
		2388E5E02750E69900592538 /* Theme.swift in Sources */ = {isa = PBXBuildFile; fileRef = 2388E5DF2750E69900592538 /* Theme.swift */; };
		2388E5E22750EF4900592538 /* Font.swift in Sources */ = {isa = PBXBuildFile; fileRef = 2388E5E12750EF4900592538 /* Font.swift */; };
		2388E5E52751209400592538 /* ListingView.swift in Sources */ = {isa = PBXBuildFile; fileRef = 2388E5E42751209300592538 /* ListingView.swift */; };
		2388E5E8275133D700592538 /* ProductListingModel.swift in Sources */ = {isa = PBXBuildFile; fileRef = 2388E5E7275133D600592538 /* ProductListingModel.swift */; };
		2388E5EA275134D000592538 /* ListingVIewModel.swift in Sources */ = {isa = PBXBuildFile; fileRef = 2388E5E9275134D000592538 /* ListingVIewModel.swift */; };
		2388E5EC2751354B00592538 /* ListingDataSource.swift in Sources */ = {isa = PBXBuildFile; fileRef = 2388E5EB2751354B00592538 /* ListingDataSource.swift */; };
		2388E5F02751364100592538 /* ListingProductsCollectionViewCell.swift in Sources */ = {isa = PBXBuildFile; fileRef = 2388E5EF2751364100592538 /* ListingProductsCollectionViewCell.swift */; };
		2388E5F227513A7E00592538 /* ReusableViewProtocol.swift in Sources */ = {isa = PBXBuildFile; fileRef = 2388E5F127513A7E00592538 /* ReusableViewProtocol.swift */; };
		2388E5F427513F6500592538 /* ListingProductCellView.swift in Sources */ = {isa = PBXBuildFile; fileRef = 2388E5F327513F6500592538 /* ListingProductCellView.swift */; };
		2388E5F62751491500592538 /* UIImageView+Extension.swift in Sources */ = {isa = PBXBuildFile; fileRef = 2388E5F52751491500592538 /* UIImageView+Extension.swift */; };
		2388E5FA275149EC00592538 /* TitleOnlyHeader.swift in Sources */ = {isa = PBXBuildFile; fileRef = 2388E5F9275149EC00592538 /* TitleOnlyHeader.swift */; };
/* End PBXBuildFile section */

/* Begin PBXContainerItemProxy section */
		2388E5782750D4EA00592538 /* PBXContainerItemProxy */ = {
			isa = PBXContainerItemProxy;
			containerPortal = 2388E5592750D4E600592538 /* Project object */;
			proxyType = 1;
			remoteGlobalIDString = 2388E5602750D4E600592538;
			remoteInfo = classified;
		};
		2388E5832750D4EA00592538 /* PBXContainerItemProxy */ = {
			isa = PBXContainerItemProxy;
			containerPortal = 2388E5592750D4E600592538 /* Project object */;
			proxyType = 1;
			remoteGlobalIDString = 2388E5602750D4E600592538;
			remoteInfo = classified;
		};
/* End PBXContainerItemProxy section */

/* Begin PBXFileReference section */
		2388E5612750D4E600592538 /* classified.app */ = {isa = PBXFileReference; explicitFileType = wrapper.application; includeInIndex = 0; path = classified.app; sourceTree = BUILT_PRODUCTS_DIR; };
		2388E5642750D4E600592538 /* AppDelegate.swift */ = {isa = PBXFileReference; lastKnownFileType = sourcecode.swift; path = AppDelegate.swift; sourceTree = "<group>"; };
		2388E5662750D4E600592538 /* SceneDelegate.swift */ = {isa = PBXFileReference; lastKnownFileType = sourcecode.swift; path = SceneDelegate.swift; sourceTree = "<group>"; };
		2388E5682750D4E600592538 /* ViewController.swift */ = {isa = PBXFileReference; lastKnownFileType = sourcecode.swift; path = ViewController.swift; sourceTree = "<group>"; };
		2388E56B2750D4E600592538 /* Base */ = {isa = PBXFileReference; lastKnownFileType = file.storyboard; name = Base; path = Base.lproj/Main.storyboard; sourceTree = "<group>"; };
		2388E56D2750D4E900592538 /* Assets.xcassets */ = {isa = PBXFileReference; lastKnownFileType = folder.assetcatalog; path = Assets.xcassets; sourceTree = "<group>"; };
		2388E5702750D4E900592538 /* Base */ = {isa = PBXFileReference; lastKnownFileType = file.storyboard; name = Base; path = Base.lproj/LaunchScreen.storyboard; sourceTree = "<group>"; };
		2388E5722750D4E900592538 /* Info.plist */ = {isa = PBXFileReference; lastKnownFileType = text.plist.xml; path = Info.plist; sourceTree = "<group>"; };
		2388E5772750D4EA00592538 /* classifiedTests.xctest */ = {isa = PBXFileReference; explicitFileType = wrapper.cfbundle; includeInIndex = 0; path = classifiedTests.xctest; sourceTree = BUILT_PRODUCTS_DIR; };
		2388E57B2750D4EA00592538 /* classifiedTests.swift */ = {isa = PBXFileReference; lastKnownFileType = sourcecode.swift; path = classifiedTests.swift; sourceTree = "<group>"; };
		2388E57D2750D4EA00592538 /* Info.plist */ = {isa = PBXFileReference; lastKnownFileType = text.plist.xml; path = Info.plist; sourceTree = "<group>"; };
		2388E5822750D4EA00592538 /* classifiedUITests.xctest */ = {isa = PBXFileReference; explicitFileType = wrapper.cfbundle; includeInIndex = 0; path = classifiedUITests.xctest; sourceTree = BUILT_PRODUCTS_DIR; };
		2388E5862750D4EA00592538 /* classifiedUITests.swift */ = {isa = PBXFileReference; lastKnownFileType = sourcecode.swift; path = classifiedUITests.swift; sourceTree = "<group>"; };
		2388E5882750D4EA00592538 /* Info.plist */ = {isa = PBXFileReference; lastKnownFileType = text.plist.xml; path = Info.plist; sourceTree = "<group>"; };
		2388E5942750D91900592538 /* dubizzle.json */ = {isa = PBXFileReference; fileEncoding = 4; lastKnownFileType = text.json; path = dubizzle.json; sourceTree = "<group>"; };
		2388E5A12750DA0C00592538 /* ListingViewController.swift */ = {isa = PBXFileReference; lastKnownFileType = sourcecode.swift; path = ListingViewController.swift; sourceTree = "<group>"; };
		2388E5A52750DA8500592538 /* BaseView.swift */ = {isa = PBXFileReference; lastKnownFileType = sourcecode.swift; path = BaseView.swift; sourceTree = "<group>"; };
		2388E5AB2750DADB00592538 /* BaseCollectionViewCell.swift */ = {isa = PBXFileReference; fileEncoding = 4; lastKnownFileType = sourcecode.swift; path = BaseCollectionViewCell.swift; sourceTree = "<group>"; };
		2388E5B52750DC2700592538 /* Creatable.swift */ = {isa = PBXFileReference; lastKnownFileType = sourcecode.swift; path = Creatable.swift; sourceTree = "<group>"; };
		2388E5BA2750DC5200592538 /* CollectionDataSource.swift */ = {isa = PBXFileReference; fileEncoding = 4; lastKnownFileType = sourcecode.swift; path = CollectionDataSource.swift; sourceTree = "<group>"; };
		2388E5BB2750DC5200592538 /* ArrayDataProvider.swift */ = {isa = PBXFileReference; fileEncoding = 4; lastKnownFileType = sourcecode.swift; path = ArrayDataProvider.swift; sourceTree = "<group>"; };
		2388E5BC2750DC5200592538 /* CollectionArrayDataSource.swift */ = {isa = PBXFileReference; fileEncoding = 4; lastKnownFileType = sourcecode.swift; path = CollectionArrayDataSource.swift; sourceTree = "<group>"; };
		2388E5BD2750DC5200592538 /* CollectionDataProvider.swift */ = {isa = PBXFileReference; fileEncoding = 4; lastKnownFileType = sourcecode.swift; path = CollectionDataProvider.swift; sourceTree = "<group>"; };
		2388E5BF2750DC5200592538 /* ConfigurableCell.swift */ = {isa = PBXFileReference; fileEncoding = 4; lastKnownFileType = sourcecode.swift; path = ConfigurableCell.swift; sourceTree = "<group>"; };
		2388E5C02750DC5200592538 /* ReusableCell.swift */ = {isa = PBXFileReference; fileEncoding = 4; lastKnownFileType = sourcecode.swift; path = ReusableCell.swift; sourceTree = "<group>"; };
		2388E5C72750DDD100592538 /* UIView+Extensions.swift */ = {isa = PBXFileReference; lastKnownFileType = sourcecode.swift; path = "UIView+Extensions.swift"; sourceTree = "<group>"; };
		2388E5CA2750E21400592538 /* ListingStyler.swift */ = {isa = PBXFileReference; lastKnownFileType = sourcecode.swift; path = ListingStyler.swift; sourceTree = "<group>"; };
		2388E5CC2750E22E00592538 /* ListingStyler+Extension.swift */ = {isa = PBXFileReference; lastKnownFileType = sourcecode.swift; path = "ListingStyler+Extension.swift"; sourceTree = "<group>"; };
		2388E5CF2750E34A00592538 /* Opacity.swift */ = {isa = PBXFileReference; lastKnownFileType = sourcecode.swift; path = Opacity.swift; sourceTree = "<group>"; };
		2388E5D12750E35C00592538 /* LetterSpacing.swift */ = {isa = PBXFileReference; lastKnownFileType = sourcecode.swift; path = LetterSpacing.swift; sourceTree = "<group>"; };
		2388E5D32750E36C00592538 /* Color.swift */ = {isa = PBXFileReference; lastKnownFileType = sourcecode.swift; path = Color.swift; sourceTree = "<group>"; };
		2388E5D52750E38000592538 /* LightAliasColorToken.swift */ = {isa = PBXFileReference; lastKnownFileType = sourcecode.swift; path = LightAliasColorToken.swift; sourceTree = "<group>"; };
		2388E5D72750E3E400592538 /* GlobalColorToken.swift */ = {isa = PBXFileReference; lastKnownFileType = sourcecode.swift; path = GlobalColorToken.swift; sourceTree = "<group>"; };
		2388E5D92750E46500592538 /* Typography.swift */ = {isa = PBXFileReference; lastKnownFileType = sourcecode.swift; path = Typography.swift; sourceTree = "<group>"; };
		2388E5DB2750E64C00592538 /* AliasFontToken.swift */ = {isa = PBXFileReference; lastKnownFileType = sourcecode.swift; path = AliasFontToken.swift; sourceTree = "<group>"; };
		2388E5DD2750E67200592538 /* FontStyle.swift */ = {isa = PBXFileReference; lastKnownFileType = sourcecode.swift; path = FontStyle.swift; sourceTree = "<group>"; };
		2388E5DF2750E69900592538 /* Theme.swift */ = {isa = PBXFileReference; lastKnownFileType = sourcecode.swift; path = Theme.swift; sourceTree = "<group>"; };
		2388E5E12750EF4900592538 /* Font.swift */ = {isa = PBXFileReference; lastKnownFileType = sourcecode.swift; path = Font.swift; sourceTree = "<group>"; };
		2388E5E42751209300592538 /* ListingView.swift */ = {isa = PBXFileReference; lastKnownFileType = sourcecode.swift; path = ListingView.swift; sourceTree = "<group>"; };
		2388E5E7275133D600592538 /* ProductListingModel.swift */ = {isa = PBXFileReference; lastKnownFileType = sourcecode.swift; path = ProductListingModel.swift; sourceTree = "<group>"; };
		2388E5E9275134D000592538 /* ListingVIewModel.swift */ = {isa = PBXFileReference; lastKnownFileType = sourcecode.swift; path = ListingVIewModel.swift; sourceTree = "<group>"; };
		2388E5EB2751354B00592538 /* ListingDataSource.swift */ = {isa = PBXFileReference; lastKnownFileType = sourcecode.swift; path = ListingDataSource.swift; sourceTree = "<group>"; };
		2388E5EF2751364100592538 /* ListingProductsCollectionViewCell.swift */ = {isa = PBXFileReference; fileEncoding = 4; lastKnownFileType = sourcecode.swift; path = ListingProductsCollectionViewCell.swift; sourceTree = "<group>"; };
		2388E5F127513A7E00592538 /* ReusableViewProtocol.swift */ = {isa = PBXFileReference; lastKnownFileType = sourcecode.swift; path = ReusableViewProtocol.swift; sourceTree = "<group>"; };
		2388E5F327513F6500592538 /* ListingProductCellView.swift */ = {isa = PBXFileReference; lastKnownFileType = sourcecode.swift; path = ListingProductCellView.swift; sourceTree = "<group>"; };
		2388E5F52751491500592538 /* UIImageView+Extension.swift */ = {isa = PBXFileReference; lastKnownFileType = sourcecode.swift; path = "UIImageView+Extension.swift"; sourceTree = "<group>"; };
		2388E5F9275149EC00592538 /* TitleOnlyHeader.swift */ = {isa = PBXFileReference; fileEncoding = 4; lastKnownFileType = sourcecode.swift; path = TitleOnlyHeader.swift; sourceTree = "<group>"; };
/* End PBXFileReference section */

/* Begin PBXFrameworksBuildPhase section */
		2388E55E2750D4E600592538 /* Frameworks */ = {
			isa = PBXFrameworksBuildPhase;
			buildActionMask = 2147483647;
			files = (
			);
			runOnlyForDeploymentPostprocessing = 0;
		};
		2388E5742750D4EA00592538 /* Frameworks */ = {
			isa = PBXFrameworksBuildPhase;
			buildActionMask = 2147483647;
			files = (
			);
			runOnlyForDeploymentPostprocessing = 0;
		};
		2388E57F2750D4EA00592538 /* Frameworks */ = {
			isa = PBXFrameworksBuildPhase;
			buildActionMask = 2147483647;
			files = (
			);
			runOnlyForDeploymentPostprocessing = 0;
		};
/* End PBXFrameworksBuildPhase section */

/* Begin PBXGroup section */
		2388E5582750D4E600592538 = {
			isa = PBXGroup;
			children = (
				2388E5632750D4E600592538 /* classified */,
				2388E57A2750D4EA00592538 /* classifiedTests */,
				2388E5852750D4EA00592538 /* classifiedUITests */,
				2388E5622750D4E600592538 /* Products */,
			);
			sourceTree = "<group>";
		};
		2388E5622750D4E600592538 /* Products */ = {
			isa = PBXGroup;
			children = (
				2388E5612750D4E600592538 /* classified.app */,
				2388E5772750D4EA00592538 /* classifiedTests.xctest */,
				2388E5822750D4EA00592538 /* classifiedUITests.xctest */,
			);
			name = Products;
			sourceTree = "<group>";
		};
		2388E5632750D4E600592538 /* classified */ = {
			isa = PBXGroup;
			children = (
				2388E5A32750DA5300592538 /* Common */,
				2388E5992750D93E00592538 /* Service */,
				2388E5972750D93100592538 /* Modules */,
				2388E5942750D91900592538 /* dubizzle.json */,
				2388E5642750D4E600592538 /* AppDelegate.swift */,
				2388E5662750D4E600592538 /* SceneDelegate.swift */,
				2388E5682750D4E600592538 /* ViewController.swift */,
				2388E56A2750D4E600592538 /* Main.storyboard */,
				2388E56D2750D4E900592538 /* Assets.xcassets */,
				2388E56F2750D4E900592538 /* LaunchScreen.storyboard */,
				2388E5722750D4E900592538 /* Info.plist */,
			);
			path = classified;
			sourceTree = "<group>";
		};
		2388E57A2750D4EA00592538 /* classifiedTests */ = {
			isa = PBXGroup;
			children = (
				2388E57B2750D4EA00592538 /* classifiedTests.swift */,
				2388E57D2750D4EA00592538 /* Info.plist */,
			);
			path = classifiedTests;
			sourceTree = "<group>";
		};
		2388E5852750D4EA00592538 /* classifiedUITests */ = {
			isa = PBXGroup;
			children = (
				2388E5862750D4EA00592538 /* classifiedUITests.swift */,
				2388E5882750D4EA00592538 /* Info.plist */,
			);
			path = classifiedUITests;
			sourceTree = "<group>";
		};
		2388E5962750D92600592538 /* ListingPage */ = {
			isa = PBXGroup;
			children = (
				2388E5E6275133A200592538 /* Model */,
				2388E5C92750E1F100592538 /* Styler */,
				2388E5A02750D9C000592538 /* Controller */,
				2388E59F2750D9B400592538 /* DataSource */,
				2388E59E2750D9AD00592538 /* ViewModel */,
				2388E59D2750D9A800592538 /* View */,
			);
			path = ListingPage;
			sourceTree = "<group>";
		};
		2388E5972750D93100592538 /* Modules */ = {
			isa = PBXGroup;
			children = (
				2388E59A2750D97200592538 /* DetailPage */,
				2388E5962750D92600592538 /* ListingPage */,
			);
			path = Modules;
			sourceTree = "<group>";
		};
		2388E5992750D93E00592538 /* Service */ = {
			isa = PBXGroup;
			children = (
			);
			path = Service;
			sourceTree = "<group>";
		};
		2388E59A2750D97200592538 /* DetailPage */ = {
			isa = PBXGroup;
			children = (
				2388E59C2750D99C00592538 /* ViewModel */,
				2388E59B2750D99500592538 /* View */,
			);
			path = DetailPage;
			sourceTree = "<group>";
		};
		2388E59B2750D99500592538 /* View */ = {
			isa = PBXGroup;
			children = (
			);
			path = View;
			sourceTree = "<group>";
		};
		2388E59C2750D99C00592538 /* ViewModel */ = {
			isa = PBXGroup;
			children = (
			);
			path = ViewModel;
			sourceTree = "<group>";
		};
		2388E59D2750D9A800592538 /* View */ = {
			isa = PBXGroup;
			children = (
				2388E5F9275149EC00592538 /* TitleOnlyHeader.swift */,
				2388E5E42751209300592538 /* ListingView.swift */,
				2388E5F327513F6500592538 /* ListingProductCellView.swift */,
			);
			path = View;
			sourceTree = "<group>";
		};
		2388E59E2750D9AD00592538 /* ViewModel */ = {
			isa = PBXGroup;
			children = (
				2388E5E9275134D000592538 /* ListingVIewModel.swift */,
			);
			path = ViewModel;
			sourceTree = "<group>";
		};
		2388E59F2750D9B400592538 /* DataSource */ = {
			isa = PBXGroup;
			children = (
				2388E5EB2751354B00592538 /* ListingDataSource.swift */,
			);
			path = DataSource;
			sourceTree = "<group>";
		};
		2388E5A02750D9C000592538 /* Controller */ = {
			isa = PBXGroup;
			children = (
				2388E5EF2751364100592538 /* ListingProductsCollectionViewCell.swift */,
				2388E5A12750DA0C00592538 /* ListingViewController.swift */,
			);
			path = Controller;
			sourceTree = "<group>";
		};
		2388E5A32750DA5300592538 /* Common */ = {
			isa = PBXGroup;
			children = (
				2388E5CE2750E32700592538 /* CoreDesign */,
				2388E5B72750DC5200592538 /* CollectionViewGenericDataSource */,
				2388E5B42750DC0E00592538 /* Helper */,
				2388E5A42750DA5A00592538 /* BaseView */,
			);
			path = Common;
			sourceTree = "<group>";
		};
		2388E5A42750DA5A00592538 /* BaseView */ = {
			isa = PBXGroup;
			children = (
				2388E5AB2750DADB00592538 /* BaseCollectionViewCell.swift */,
				2388E5A52750DA8500592538 /* BaseView.swift */,
			);
			path = BaseView;
			sourceTree = "<group>";
		};
		2388E5B42750DC0E00592538 /* Helper */ = {
			isa = PBXGroup;
			children = (
				2388E5B52750DC2700592538 /* Creatable.swift */,
				2388E5C72750DDD100592538 /* UIView+Extensions.swift */,
				2388E5F127513A7E00592538 /* ReusableViewProtocol.swift */,
				2388E5F52751491500592538 /* UIImageView+Extension.swift */,
			);
			path = Helper;
			sourceTree = "<group>";
		};
		2388E5B72750DC5200592538 /* CollectionViewGenericDataSource */ = {
			isa = PBXGroup;
			children = (
				2388E5B82750DC5200592538 /* DataSources */,
				2388E5BE2750DC5200592538 /* CellAbstractions */,
			);
			path = CollectionViewGenericDataSource;
			sourceTree = "<group>";
		};
		2388E5B82750DC5200592538 /* DataSources */ = {
			isa = PBXGroup;
			children = (
				2388E5B92750DC5200592538 /* Collection */,
			);
			path = DataSources;
			sourceTree = "<group>";
		};
		2388E5B92750DC5200592538 /* Collection */ = {
			isa = PBXGroup;
			children = (
				2388E5BA2750DC5200592538 /* CollectionDataSource.swift */,
				2388E5BB2750DC5200592538 /* ArrayDataProvider.swift */,
				2388E5BC2750DC5200592538 /* CollectionArrayDataSource.swift */,
				2388E5BD2750DC5200592538 /* CollectionDataProvider.swift */,
			);
			path = Collection;
			sourceTree = "<group>";
		};
		2388E5BE2750DC5200592538 /* CellAbstractions */ = {
			isa = PBXGroup;
			children = (
				2388E5BF2750DC5200592538 /* ConfigurableCell.swift */,
				2388E5C02750DC5200592538 /* ReusableCell.swift */,
			);
			path = CellAbstractions;
			sourceTree = "<group>";
		};
		2388E5C92750E1F100592538 /* Styler */ = {
			isa = PBXGroup;
			children = (
				2388E5CA2750E21400592538 /* ListingStyler.swift */,
				2388E5CC2750E22E00592538 /* ListingStyler+Extension.swift */,
			);
			path = Styler;
			sourceTree = "<group>";
		};
		2388E5CE2750E32700592538 /* CoreDesign */ = {
			isa = PBXGroup;
			children = (
				2388E5CF2750E34A00592538 /* Opacity.swift */,
				2388E5D12750E35C00592538 /* LetterSpacing.swift */,
				2388E5D32750E36C00592538 /* Color.swift */,
				2388E5D52750E38000592538 /* LightAliasColorToken.swift */,
				2388E5D72750E3E400592538 /* GlobalColorToken.swift */,
				2388E5D92750E46500592538 /* Typography.swift */,
				2388E5DB2750E64C00592538 /* AliasFontToken.swift */,
				2388E5DD2750E67200592538 /* FontStyle.swift */,
				2388E5DF2750E69900592538 /* Theme.swift */,
				2388E5E12750EF4900592538 /* Font.swift */,
			);
			path = CoreDesign;
			sourceTree = "<group>";
		};
		2388E5E6275133A200592538 /* Model */ = {
			isa = PBXGroup;
			children = (
				2388E5E7275133D600592538 /* ProductListingModel.swift */,
			);
			path = Model;
			sourceTree = "<group>";
		};
/* End PBXGroup section */

/* Begin PBXNativeTarget section */
		2388E5602750D4E600592538 /* classified */ = {
			isa = PBXNativeTarget;
			buildConfigurationList = 2388E58B2750D4EA00592538 /* Build configuration list for PBXNativeTarget "classified" */;
			buildPhases = (
				2388E55D2750D4E600592538 /* Sources */,
				2388E55E2750D4E600592538 /* Frameworks */,
				2388E55F2750D4E600592538 /* Resources */,
			);
			buildRules = (
			);
			dependencies = (
			);
			name = classified;
			productName = classified;
			productReference = 2388E5612750D4E600592538 /* classified.app */;
			productType = "com.apple.product-type.application";
		};
		2388E5762750D4EA00592538 /* classifiedTests */ = {
			isa = PBXNativeTarget;
			buildConfigurationList = 2388E58E2750D4EA00592538 /* Build configuration list for PBXNativeTarget "classifiedTests" */;
			buildPhases = (
				2388E5732750D4EA00592538 /* Sources */,
				2388E5742750D4EA00592538 /* Frameworks */,
				2388E5752750D4EA00592538 /* Resources */,
			);
			buildRules = (
			);
			dependencies = (
				2388E5792750D4EA00592538 /* PBXTargetDependency */,
			);
			name = classifiedTests;
			productName = classifiedTests;
			productReference = 2388E5772750D4EA00592538 /* classifiedTests.xctest */;
			productType = "com.apple.product-type.bundle.unit-test";
		};
		2388E5812750D4EA00592538 /* classifiedUITests */ = {
			isa = PBXNativeTarget;
			buildConfigurationList = 2388E5912750D4EA00592538 /* Build configuration list for PBXNativeTarget "classifiedUITests" */;
			buildPhases = (
				2388E57E2750D4EA00592538 /* Sources */,
				2388E57F2750D4EA00592538 /* Frameworks */,
				2388E5802750D4EA00592538 /* Resources */,
			);
			buildRules = (
			);
			dependencies = (
				2388E5842750D4EA00592538 /* PBXTargetDependency */,
			);
			name = classifiedUITests;
			productName = classifiedUITests;
			productReference = 2388E5822750D4EA00592538 /* classifiedUITests.xctest */;
			productType = "com.apple.product-type.bundle.ui-testing";
		};
/* End PBXNativeTarget section */

/* Begin PBXProject section */
		2388E5592750D4E600592538 /* Project object */ = {
			isa = PBXProject;
			attributes = {
				LastSwiftUpdateCheck = 1250;
				LastUpgradeCheck = 1250;
				TargetAttributes = {
					2388E5602750D4E600592538 = {
						CreatedOnToolsVersion = 12.5.1;
					};
					2388E5762750D4EA00592538 = {
						CreatedOnToolsVersion = 12.5.1;
						TestTargetID = 2388E5602750D4E600592538;
					};
					2388E5812750D4EA00592538 = {
						CreatedOnToolsVersion = 12.5.1;
						TestTargetID = 2388E5602750D4E600592538;
					};
				};
			};
			buildConfigurationList = 2388E55C2750D4E600592538 /* Build configuration list for PBXProject "classified" */;
			compatibilityVersion = "Xcode 9.3";
			developmentRegion = en;
			hasScannedForEncodings = 0;
			knownRegions = (
				en,
				Base,
			);
			mainGroup = 2388E5582750D4E600592538;
			productRefGroup = 2388E5622750D4E600592538 /* Products */;
			projectDirPath = "";
			projectRoot = "";
			targets = (
				2388E5602750D4E600592538 /* classified */,
				2388E5762750D4EA00592538 /* classifiedTests */,
				2388E5812750D4EA00592538 /* classifiedUITests */,
			);
		};
/* End PBXProject section */

/* Begin PBXResourcesBuildPhase section */
		2388E55F2750D4E600592538 /* Resources */ = {
			isa = PBXResourcesBuildPhase;
			buildActionMask = 2147483647;
			files = (
				2388E5712750D4E900592538 /* LaunchScreen.storyboard in Resources */,
				2388E56E2750D4E900592538 /* Assets.xcassets in Resources */,
				2388E5952750D91900592538 /* dubizzle.json in Resources */,
				2388E56C2750D4E600592538 /* Main.storyboard in Resources */,
			);
			runOnlyForDeploymentPostprocessing = 0;
		};
		2388E5752750D4EA00592538 /* Resources */ = {
			isa = PBXResourcesBuildPhase;
			buildActionMask = 2147483647;
			files = (
			);
			runOnlyForDeploymentPostprocessing = 0;
		};
		2388E5802750D4EA00592538 /* Resources */ = {
			isa = PBXResourcesBuildPhase;
			buildActionMask = 2147483647;
			files = (
			);
			runOnlyForDeploymentPostprocessing = 0;
		};
/* End PBXResourcesBuildPhase section */

/* Begin PBXSourcesBuildPhase section */
		2388E55D2750D4E600592538 /* Sources */ = {
			isa = PBXSourcesBuildPhase;
			buildActionMask = 2147483647;
			files = (
				2388E5DC2750E64C00592538 /* AliasFontToken.swift in Sources */,
				2388E5FA275149EC00592538 /* TitleOnlyHeader.swift in Sources */,
				2388E5F427513F6500592538 /* ListingProductCellView.swift in Sources */,
				2388E5692750D4E600592538 /* ViewController.swift in Sources */,
				2388E5DE2750E67200592538 /* FontStyle.swift in Sources */,
				2388E5C22750DC5200592538 /* ArrayDataProvider.swift in Sources */,
				2388E5652750D4E600592538 /* AppDelegate.swift in Sources */,
				2388E5B62750DC2700592538 /* Creatable.swift in Sources */,
				2388E5A62750DA8500592538 /* BaseView.swift in Sources */,
				2388E5C12750DC5200592538 /* CollectionDataSource.swift in Sources */,
				2388E5CB2750E21400592538 /* ListingStyler.swift in Sources */,
				2388E5C52750DC5200592538 /* ConfigurableCell.swift in Sources */,
				2388E5C42750DC5200592538 /* CollectionDataProvider.swift in Sources */,
				2388E5D82750E3E400592538 /* GlobalColorToken.swift in Sources */,
				2388E5E02750E69900592538 /* Theme.swift in Sources */,
				2388E5EC2751354B00592538 /* ListingDataSource.swift in Sources */,
				2388E5C82750DDD100592538 /* UIView+Extensions.swift in Sources */,
				2388E5E52751209400592538 /* ListingView.swift in Sources */,
				2388E5672750D4E600592538 /* SceneDelegate.swift in Sources */,
				2388E5D62750E38000592538 /* LightAliasColorToken.swift in Sources */,
				2388E5D42750E36C00592538 /* Color.swift in Sources */,
				2388E5D02750E34A00592538 /* Opacity.swift in Sources */,
				2388E5A22750DA0C00592538 /* ListingViewController.swift in Sources */,
				2388E5F227513A7E00592538 /* ReusableViewProtocol.swift in Sources */,
				2388E5D22750E35C00592538 /* LetterSpacing.swift in Sources */,
				2388E5EA275134D000592538 /* ListingVIewModel.swift in Sources */,
				2388E5E22750EF4900592538 /* Font.swift in Sources */,
				2388E5C32750DC5200592538 /* CollectionArrayDataSource.swift in Sources */,
				2388E5F02751364100592538 /* ListingProductsCollectionViewCell.swift in Sources */,
				2388E5CD2750E22E00592538 /* ListingStyler+Extension.swift in Sources */,
				2388E5E8275133D700592538 /* ProductListingModel.swift in Sources */,
				2388E5B12750DADB00592538 /* BaseCollectionViewCell.swift in Sources */,
				2388E5DA2750E46500592538 /* Typography.swift in Sources */,
				2388E5F62751491500592538 /* UIImageView+Extension.swift in Sources */,
				2388E5C62750DC5200592538 /* ReusableCell.swift in Sources */,
			);
			runOnlyForDeploymentPostprocessing = 0;
		};
		2388E5732750D4EA00592538 /* Sources */ = {
			isa = PBXSourcesBuildPhase;
			buildActionMask = 2147483647;
			files = (
				2388E57C2750D4EA00592538 /* classifiedTests.swift in Sources */,
			);
			runOnlyForDeploymentPostprocessing = 0;
		};
		2388E57E2750D4EA00592538 /* Sources */ = {
			isa = PBXSourcesBuildPhase;
			buildActionMask = 2147483647;
			files = (
				2388E5872750D4EA00592538 /* classifiedUITests.swift in Sources */,
			);
			runOnlyForDeploymentPostprocessing = 0;
		};
/* End PBXSourcesBuildPhase section */

/* Begin PBXTargetDependency section */
		2388E5792750D4EA00592538 /* PBXTargetDependency */ = {
			isa = PBXTargetDependency;
			target = 2388E5602750D4E600592538 /* classified */;
			targetProxy = 2388E5782750D4EA00592538 /* PBXContainerItemProxy */;
		};
		2388E5842750D4EA00592538 /* PBXTargetDependency */ = {
			isa = PBXTargetDependency;
			target = 2388E5602750D4E600592538 /* classified */;
			targetProxy = 2388E5832750D4EA00592538 /* PBXContainerItemProxy */;
		};
/* End PBXTargetDependency section */

/* Begin PBXVariantGroup section */
		2388E56A2750D4E600592538 /* Main.storyboard */ = {
			isa = PBXVariantGroup;
			children = (
				2388E56B2750D4E600592538 /* Base */,
			);
			name = Main.storyboard;
			sourceTree = "<group>";
		};
		2388E56F2750D4E900592538 /* LaunchScreen.storyboard */ = {
			isa = PBXVariantGroup;
			children = (
				2388E5702750D4E900592538 /* Base */,
			);
			name = LaunchScreen.storyboard;
			sourceTree = "<group>";
		};
/* End PBXVariantGroup section */

/* Begin XCBuildConfiguration section */
		2388E5892750D4EA00592538 /* Debug */ = {
			isa = XCBuildConfiguration;
			buildSettings = {
				ALWAYS_SEARCH_USER_PATHS = NO;
				CLANG_ANALYZER_NONNULL = YES;
				CLANG_ANALYZER_NUMBER_OBJECT_CONVERSION = YES_AGGRESSIVE;
				CLANG_CXX_LANGUAGE_STANDARD = "gnu++14";
				CLANG_CXX_LIBRARY = "libc++";
				CLANG_ENABLE_MODULES = YES;
				CLANG_ENABLE_OBJC_ARC = YES;
				CLANG_ENABLE_OBJC_WEAK = YES;
				CLANG_WARN_BLOCK_CAPTURE_AUTORELEASING = YES;
				CLANG_WARN_BOOL_CONVERSION = YES;
				CLANG_WARN_COMMA = YES;
				CLANG_WARN_CONSTANT_CONVERSION = YES;
				CLANG_WARN_DEPRECATED_OBJC_IMPLEMENTATIONS = YES;
				CLANG_WARN_DIRECT_OBJC_ISA_USAGE = YES_ERROR;
				CLANG_WARN_DOCUMENTATION_COMMENTS = YES;
				CLANG_WARN_EMPTY_BODY = YES;
				CLANG_WARN_ENUM_CONVERSION = YES;
				CLANG_WARN_INFINITE_RECURSION = YES;
				CLANG_WARN_INT_CONVERSION = YES;
				CLANG_WARN_NON_LITERAL_NULL_CONVERSION = YES;
				CLANG_WARN_OBJC_IMPLICIT_RETAIN_SELF = YES;
				CLANG_WARN_OBJC_LITERAL_CONVERSION = YES;
				CLANG_WARN_OBJC_ROOT_CLASS = YES_ERROR;
				CLANG_WARN_QUOTED_INCLUDE_IN_FRAMEWORK_HEADER = YES;
				CLANG_WARN_RANGE_LOOP_ANALYSIS = YES;
				CLANG_WARN_STRICT_PROTOTYPES = YES;
				CLANG_WARN_SUSPICIOUS_MOVE = YES;
				CLANG_WARN_UNGUARDED_AVAILABILITY = YES_AGGRESSIVE;
				CLANG_WARN_UNREACHABLE_CODE = YES;
				CLANG_WARN__DUPLICATE_METHOD_MATCH = YES;
				COPY_PHASE_STRIP = NO;
				DEBUG_INFORMATION_FORMAT = dwarf;
				ENABLE_STRICT_OBJC_MSGSEND = YES;
				ENABLE_TESTABILITY = YES;
				GCC_C_LANGUAGE_STANDARD = gnu11;
				GCC_DYNAMIC_NO_PIC = NO;
				GCC_NO_COMMON_BLOCKS = YES;
				GCC_OPTIMIZATION_LEVEL = 0;
				GCC_PREPROCESSOR_DEFINITIONS = (
					"DEBUG=1",
					"$(inherited)",
				);
				GCC_WARN_64_TO_32_BIT_CONVERSION = YES;
				GCC_WARN_ABOUT_RETURN_TYPE = YES_ERROR;
				GCC_WARN_UNDECLARED_SELECTOR = YES;
				GCC_WARN_UNINITIALIZED_AUTOS = YES_AGGRESSIVE;
				GCC_WARN_UNUSED_FUNCTION = YES;
				GCC_WARN_UNUSED_VARIABLE = YES;
				IPHONEOS_DEPLOYMENT_TARGET = 14.5;
				MTL_ENABLE_DEBUG_INFO = INCLUDE_SOURCE;
				MTL_FAST_MATH = YES;
				ONLY_ACTIVE_ARCH = YES;
				SDKROOT = iphoneos;
				SWIFT_ACTIVE_COMPILATION_CONDITIONS = DEBUG;
				SWIFT_OPTIMIZATION_LEVEL = "-Onone";
			};
			name = Debug;
		};
		2388E58A2750D4EA00592538 /* Release */ = {
			isa = XCBuildConfiguration;
			buildSettings = {
				ALWAYS_SEARCH_USER_PATHS = NO;
				CLANG_ANALYZER_NONNULL = YES;
				CLANG_ANALYZER_NUMBER_OBJECT_CONVERSION = YES_AGGRESSIVE;
				CLANG_CXX_LANGUAGE_STANDARD = "gnu++14";
				CLANG_CXX_LIBRARY = "libc++";
				CLANG_ENABLE_MODULES = YES;
				CLANG_ENABLE_OBJC_ARC = YES;
				CLANG_ENABLE_OBJC_WEAK = YES;
				CLANG_WARN_BLOCK_CAPTURE_AUTORELEASING = YES;
				CLANG_WARN_BOOL_CONVERSION = YES;
				CLANG_WARN_COMMA = YES;
				CLANG_WARN_CONSTANT_CONVERSION = YES;
				CLANG_WARN_DEPRECATED_OBJC_IMPLEMENTATIONS = YES;
				CLANG_WARN_DIRECT_OBJC_ISA_USAGE = YES_ERROR;
				CLANG_WARN_DOCUMENTATION_COMMENTS = YES;
				CLANG_WARN_EMPTY_BODY = YES;
				CLANG_WARN_ENUM_CONVERSION = YES;
				CLANG_WARN_INFINITE_RECURSION = YES;
				CLANG_WARN_INT_CONVERSION = YES;
				CLANG_WARN_NON_LITERAL_NULL_CONVERSION = YES;
				CLANG_WARN_OBJC_IMPLICIT_RETAIN_SELF = YES;
				CLANG_WARN_OBJC_LITERAL_CONVERSION = YES;
				CLANG_WARN_OBJC_ROOT_CLASS = YES_ERROR;
				CLANG_WARN_QUOTED_INCLUDE_IN_FRAMEWORK_HEADER = YES;
				CLANG_WARN_RANGE_LOOP_ANALYSIS = YES;
				CLANG_WARN_STRICT_PROTOTYPES = YES;
				CLANG_WARN_SUSPICIOUS_MOVE = YES;
				CLANG_WARN_UNGUARDED_AVAILABILITY = YES_AGGRESSIVE;
				CLANG_WARN_UNREACHABLE_CODE = YES;
				CLANG_WARN__DUPLICATE_METHOD_MATCH = YES;
				COPY_PHASE_STRIP = NO;
				DEBUG_INFORMATION_FORMAT = "dwarf-with-dsym";
				ENABLE_NS_ASSERTIONS = NO;
				ENABLE_STRICT_OBJC_MSGSEND = YES;
				GCC_C_LANGUAGE_STANDARD = gnu11;
				GCC_NO_COMMON_BLOCKS = YES;
				GCC_WARN_64_TO_32_BIT_CONVERSION = YES;
				GCC_WARN_ABOUT_RETURN_TYPE = YES_ERROR;
				GCC_WARN_UNDECLARED_SELECTOR = YES;
				GCC_WARN_UNINITIALIZED_AUTOS = YES_AGGRESSIVE;
				GCC_WARN_UNUSED_FUNCTION = YES;
				GCC_WARN_UNUSED_VARIABLE = YES;
				IPHONEOS_DEPLOYMENT_TARGET = 14.5;
				MTL_ENABLE_DEBUG_INFO = NO;
				MTL_FAST_MATH = YES;
				SDKROOT = iphoneos;
				SWIFT_COMPILATION_MODE = wholemodule;
				SWIFT_OPTIMIZATION_LEVEL = "-O";
				VALIDATE_PRODUCT = YES;
			};
			name = Release;
		};
		2388E58C2750D4EA00592538 /* Debug */ = {
			isa = XCBuildConfiguration;
			buildSettings = {
				ASSETCATALOG_COMPILER_APPICON_NAME = AppIcon;
				ASSETCATALOG_COMPILER_GLOBAL_ACCENT_COLOR_NAME = AccentColor;
				CODE_SIGN_STYLE = Automatic;
				DEVELOPMENT_TEAM = W28Q572LJ2;
				INFOPLIST_FILE = classified/Info.plist;
				LD_RUNPATH_SEARCH_PATHS = (
					"$(inherited)",
					"@executable_path/Frameworks",
				);
				PRODUCT_BUNDLE_IDENTIFIER = com.app.classified;
				PRODUCT_NAME = "$(TARGET_NAME)";
				SWIFT_VERSION = 5.0;
				TARGETED_DEVICE_FAMILY = "1,2";
			};
			name = Debug;
		};
		2388E58D2750D4EA00592538 /* Release */ = {
			isa = XCBuildConfiguration;
			buildSettings = {
				ASSETCATALOG_COMPILER_APPICON_NAME = AppIcon;
				ASSETCATALOG_COMPILER_GLOBAL_ACCENT_COLOR_NAME = AccentColor;
				CODE_SIGN_STYLE = Automatic;
				DEVELOPMENT_TEAM = W28Q572LJ2;
				INFOPLIST_FILE = classified/Info.plist;
				LD_RUNPATH_SEARCH_PATHS = (
					"$(inherited)",
					"@executable_path/Frameworks",
				);
				PRODUCT_BUNDLE_IDENTIFIER = com.app.classified;
				PRODUCT_NAME = "$(TARGET_NAME)";
				SWIFT_VERSION = 5.0;
				TARGETED_DEVICE_FAMILY = "1,2";
			};
			name = Release;
		};
		2388E58F2750D4EA00592538 /* Debug */ = {
			isa = XCBuildConfiguration;
			buildSettings = {
				ALWAYS_EMBED_SWIFT_STANDARD_LIBRARIES = YES;
				BUNDLE_LOADER = "$(TEST_HOST)";
				CODE_SIGN_STYLE = Automatic;
				DEVELOPMENT_TEAM = W28Q572LJ2;
				INFOPLIST_FILE = classifiedTests/Info.plist;
				IPHONEOS_DEPLOYMENT_TARGET = 14.5;
				LD_RUNPATH_SEARCH_PATHS = (
					"$(inherited)",
					"@executable_path/Frameworks",
					"@loader_path/Frameworks",
				);
				PRODUCT_BUNDLE_IDENTIFIER = com.app.classifiedTests;
				PRODUCT_NAME = "$(TARGET_NAME)";
				SWIFT_VERSION = 5.0;
				TARGETED_DEVICE_FAMILY = "1,2";
				TEST_HOST = "$(BUILT_PRODUCTS_DIR)/classified.app/classified";
			};
			name = Debug;
		};
		2388E5902750D4EA00592538 /* Release */ = {
			isa = XCBuildConfiguration;
			buildSettings = {
				ALWAYS_EMBED_SWIFT_STANDARD_LIBRARIES = YES;
				BUNDLE_LOADER = "$(TEST_HOST)";
				CODE_SIGN_STYLE = Automatic;
				DEVELOPMENT_TEAM = W28Q572LJ2;
				INFOPLIST_FILE = classifiedTests/Info.plist;
				IPHONEOS_DEPLOYMENT_TARGET = 14.5;
				LD_RUNPATH_SEARCH_PATHS = (
					"$(inherited)",
					"@executable_path/Frameworks",
					"@loader_path/Frameworks",
				);
				PRODUCT_BUNDLE_IDENTIFIER = com.app.classifiedTests;
				PRODUCT_NAME = "$(TARGET_NAME)";
				SWIFT_VERSION = 5.0;
				TARGETED_DEVICE_FAMILY = "1,2";
				TEST_HOST = "$(BUILT_PRODUCTS_DIR)/classified.app/classified";
			};
			name = Release;
		};
		2388E5922750D4EA00592538 /* Debug */ = {
			isa = XCBuildConfiguration;
			buildSettings = {
				ALWAYS_EMBED_SWIFT_STANDARD_LIBRARIES = YES;
				CODE_SIGN_STYLE = Automatic;
				DEVELOPMENT_TEAM = W28Q572LJ2;
				INFOPLIST_FILE = classifiedUITests/Info.plist;
				LD_RUNPATH_SEARCH_PATHS = (
					"$(inherited)",
					"@executable_path/Frameworks",
					"@loader_path/Frameworks",
				);
				PRODUCT_BUNDLE_IDENTIFIER = com.app.classifiedUITests;
				PRODUCT_NAME = "$(TARGET_NAME)";
				SWIFT_VERSION = 5.0;
				TARGETED_DEVICE_FAMILY = "1,2";
				TEST_TARGET_NAME = classified;
			};
			name = Debug;
		};
		2388E5932750D4EA00592538 /* Release */ = {
			isa = XCBuildConfiguration;
			buildSettings = {
				ALWAYS_EMBED_SWIFT_STANDARD_LIBRARIES = YES;
				CODE_SIGN_STYLE = Automatic;
				DEVELOPMENT_TEAM = W28Q572LJ2;
				INFOPLIST_FILE = classifiedUITests/Info.plist;
				LD_RUNPATH_SEARCH_PATHS = (
					"$(inherited)",
					"@executable_path/Frameworks",
					"@loader_path/Frameworks",
				);
				PRODUCT_BUNDLE_IDENTIFIER = com.app.classifiedUITests;
				PRODUCT_NAME = "$(TARGET_NAME)";
				SWIFT_VERSION = 5.0;
				TARGETED_DEVICE_FAMILY = "1,2";
				TEST_TARGET_NAME = classified;
			};
			name = Release;
		};
/* End XCBuildConfiguration section */

/* Begin XCConfigurationList section */
		2388E55C2750D4E600592538 /* Build configuration list for PBXProject "classified" */ = {
			isa = XCConfigurationList;
			buildConfigurations = (
				2388E5892750D4EA00592538 /* Debug */,
				2388E58A2750D4EA00592538 /* Release */,
			);
			defaultConfigurationIsVisible = 0;
			defaultConfigurationName = Release;
		};
		2388E58B2750D4EA00592538 /* Build configuration list for PBXNativeTarget "classified" */ = {
			isa = XCConfigurationList;
			buildConfigurations = (
				2388E58C2750D4EA00592538 /* Debug */,
				2388E58D2750D4EA00592538 /* Release */,
			);
			defaultConfigurationIsVisible = 0;
			defaultConfigurationName = Release;
		};
		2388E58E2750D4EA00592538 /* Build configuration list for PBXNativeTarget "classifiedTests" */ = {
			isa = XCConfigurationList;
			buildConfigurations = (
				2388E58F2750D4EA00592538 /* Debug */,
				2388E5902750D4EA00592538 /* Release */,
			);
			defaultConfigurationIsVisible = 0;
			defaultConfigurationName = Release;
		};
		2388E5912750D4EA00592538 /* Build configuration list for PBXNativeTarget "classifiedUITests" */ = {
			isa = XCConfigurationList;
			buildConfigurations = (
				2388E5922750D4EA00592538 /* Debug */,
				2388E5932750D4EA00592538 /* Release */,
			);
			defaultConfigurationIsVisible = 0;
			defaultConfigurationName = Release;
		};
/* End XCConfigurationList section */
	};
	rootObject = 2388E5592750D4E600592538 /* Project object */;
}
